// !$*UTF8*$!
{
	archiveVersion = 1;
	classes = {
	};
	objectVersion = 50;
	objects = {

/* Begin PBXBuildFile section */
		A5A4D9C4538761BBA357F7CC /* Pods_GeekbrainsLessons.framework in Frameworks */ = {isa = PBXBuildFile; fileRef = C50748FA372ED6AB8560CD9F /* Pods_GeekbrainsLessons.framework */; };
		D515CBB222815D440029376B /* User.swift in Sources */ = {isa = PBXBuildFile; fileRef = D515CBB122815D440029376B /* User.swift */; };
		D515CBB422815D4F0029376B /* Photo.swift in Sources */ = {isa = PBXBuildFile; fileRef = D515CBB322815D4F0029376B /* Photo.swift */; };
		D515CBB622815D580029376B /* Group.swift in Sources */ = {isa = PBXBuildFile; fileRef = D515CBB522815D580029376B /* Group.swift */; };
		D515CBB9228164E30029376B /* FriendsResponseModel.swift in Sources */ = {isa = PBXBuildFile; fileRef = D515CBB8228164E30029376B /* FriendsResponseModel.swift */; };
		D51812A62275A68800AB7AD8 /* Session.swift in Sources */ = {isa = PBXBuildFile; fileRef = D51812A52275A68800AB7AD8 /* Session.swift */; };
		D52BF35322816D37004A37A1 /* VKBaseCodingKeys.swift in Sources */ = {isa = PBXBuildFile; fileRef = D52BF35222816D37004A37A1 /* VKBaseCodingKeys.swift */; };
		D52BF35522816E6A004A37A1 /* GroupsResponseModel.swift in Sources */ = {isa = PBXBuildFile; fileRef = D52BF35422816E6A004A37A1 /* GroupsResponseModel.swift */; };
		D59FEEB6222A779000A55470 /* AppDelegate.swift in Sources */ = {isa = PBXBuildFile; fileRef = D59FEEB5222A779000A55470 /* AppDelegate.swift */; };
		D59FEEB8222A779000A55470 /* AuthViewController.swift in Sources */ = {isa = PBXBuildFile; fileRef = D59FEEB7222A779000A55470 /* AuthViewController.swift */; };
		D59FEEBB222A779000A55470 /* Main.storyboard in Resources */ = {isa = PBXBuildFile; fileRef = D59FEEB9222A779000A55470 /* Main.storyboard */; };
		D59FEEBD222A779200A55470 /* Assets.xcassets in Resources */ = {isa = PBXBuildFile; fileRef = D59FEEBC222A779200A55470 /* Assets.xcassets */; };
		D59FEEC0222A779200A55470 /* LaunchScreen.storyboard in Resources */ = {isa = PBXBuildFile; fileRef = D59FEEBE222A779200A55470 /* LaunchScreen.storyboard */; };
		D5A29E702232F08100B5FEA2 /* FriendsTableViewCell.swift in Sources */ = {isa = PBXBuildFile; fileRef = D5A29E6F2232F08100B5FEA2 /* FriendsTableViewCell.swift */; };
		D5A29E782232FE2200B5FEA2 /* GroupsTableViewCell.swift in Sources */ = {isa = PBXBuildFile; fileRef = D5A29E772232FE2200B5FEA2 /* GroupsTableViewCell.swift */; };
		D5B59A2C227827AD002188F6 /* VKService.swift in Sources */ = {isa = PBXBuildFile; fileRef = D5B59A2B227827AD002188F6 /* VKService.swift */; };
		D5B59A2E22782DAC002188F6 /* WebKit.framework in Frameworks */ = {isa = PBXBuildFile; fileRef = D5B59A2D22782DAC002188F6 /* WebKit.framework */; };
		D5F0C95A222CFAF100E8C756 /* FriendsTableViewController.swift in Sources */ = {isa = PBXBuildFile; fileRef = D5F0C959222CFAF100E8C756 /* FriendsTableViewController.swift */; };
		D5F0C95C222CFBFD00E8C756 /* FriendCollectionViewController.swift in Sources */ = {isa = PBXBuildFile; fileRef = D5F0C95B222CFBFD00E8C756 /* FriendCollectionViewController.swift */; };
		D5F0C95E222CFC6F00E8C756 /* GroupsTableViewController.swift in Sources */ = {isa = PBXBuildFile; fileRef = D5F0C95D222CFC6F00E8C756 /* GroupsTableViewController.swift */; };
		D5F0C960222CFC9000E8C756 /* GroupsAddTableViewController.swift in Sources */ = {isa = PBXBuildFile; fileRef = D5F0C95F222CFC9000E8C756 /* GroupsAddTableViewController.swift */; };
/* End PBXBuildFile section */

/* Begin PBXFileReference section */
		04E65B3DC29D721F0E0C7D93 /* Pods-GeekbrainsLessons.release.xcconfig */ = {isa = PBXFileReference; includeInIndex = 1; lastKnownFileType = text.xcconfig; name = "Pods-GeekbrainsLessons.release.xcconfig"; path = "Target Support Files/Pods-GeekbrainsLessons/Pods-GeekbrainsLessons.release.xcconfig"; sourceTree = "<group>"; };
		B8E76E4ADA4E53B798AA5153 /* Pods-GeekbrainsLessons.debug.xcconfig */ = {isa = PBXFileReference; includeInIndex = 1; lastKnownFileType = text.xcconfig; name = "Pods-GeekbrainsLessons.debug.xcconfig"; path = "Target Support Files/Pods-GeekbrainsLessons/Pods-GeekbrainsLessons.debug.xcconfig"; sourceTree = "<group>"; };
		C50748FA372ED6AB8560CD9F /* Pods_GeekbrainsLessons.framework */ = {isa = PBXFileReference; explicitFileType = wrapper.framework; includeInIndex = 0; path = Pods_GeekbrainsLessons.framework; sourceTree = BUILT_PRODUCTS_DIR; };
		D515CBB122815D440029376B /* User.swift */ = {isa = PBXFileReference; lastKnownFileType = sourcecode.swift; path = User.swift; sourceTree = "<group>"; };
		D515CBB322815D4F0029376B /* Photo.swift */ = {isa = PBXFileReference; lastKnownFileType = sourcecode.swift; path = Photo.swift; sourceTree = "<group>"; };
		D515CBB522815D580029376B /* Group.swift */ = {isa = PBXFileReference; lastKnownFileType = sourcecode.swift; path = Group.swift; sourceTree = "<group>"; };
		D515CBB8228164E30029376B /* FriendsResponseModel.swift */ = {isa = PBXFileReference; lastKnownFileType = sourcecode.swift; path = FriendsResponseModel.swift; sourceTree = "<group>"; };
		D51812A52275A68800AB7AD8 /* Session.swift */ = {isa = PBXFileReference; lastKnownFileType = sourcecode.swift; path = Session.swift; sourceTree = "<group>"; };
		D52BF35222816D37004A37A1 /* VKBaseCodingKeys.swift */ = {isa = PBXFileReference; lastKnownFileType = sourcecode.swift; path = VKBaseCodingKeys.swift; sourceTree = "<group>"; };
		D52BF35422816E6A004A37A1 /* GroupsResponseModel.swift */ = {isa = PBXFileReference; lastKnownFileType = sourcecode.swift; path = GroupsResponseModel.swift; sourceTree = "<group>"; };
		D59FEEB2222A779000A55470 /* GeekbrainsLessons.app */ = {isa = PBXFileReference; explicitFileType = wrapper.application; includeInIndex = 0; path = GeekbrainsLessons.app; sourceTree = BUILT_PRODUCTS_DIR; };
		D59FEEB5222A779000A55470 /* AppDelegate.swift */ = {isa = PBXFileReference; lastKnownFileType = sourcecode.swift; path = AppDelegate.swift; sourceTree = "<group>"; };
		D59FEEB7222A779000A55470 /* AuthViewController.swift */ = {isa = PBXFileReference; lastKnownFileType = sourcecode.swift; path = AuthViewController.swift; sourceTree = "<group>"; };
		D59FEEBA222A779000A55470 /* Base */ = {isa = PBXFileReference; lastKnownFileType = file.storyboard; name = Base; path = Base.lproj/Main.storyboard; sourceTree = "<group>"; };
		D59FEEBC222A779200A55470 /* Assets.xcassets */ = {isa = PBXFileReference; lastKnownFileType = folder.assetcatalog; path = Assets.xcassets; sourceTree = "<group>"; };
		D59FEEBF222A779200A55470 /* Base */ = {isa = PBXFileReference; lastKnownFileType = file.storyboard; name = Base; path = Base.lproj/LaunchScreen.storyboard; sourceTree = "<group>"; };
		D59FEEC1222A779200A55470 /* Info.plist */ = {isa = PBXFileReference; lastKnownFileType = text.plist.xml; path = Info.plist; sourceTree = "<group>"; };
		D5A29E6F2232F08100B5FEA2 /* FriendsTableViewCell.swift */ = {isa = PBXFileReference; lastKnownFileType = sourcecode.swift; path = FriendsTableViewCell.swift; sourceTree = "<group>"; };
		D5A29E772232FE2200B5FEA2 /* GroupsTableViewCell.swift */ = {isa = PBXFileReference; lastKnownFileType = sourcecode.swift; path = GroupsTableViewCell.swift; sourceTree = "<group>"; };
		D5B59A2B227827AD002188F6 /* VKService.swift */ = {isa = PBXFileReference; lastKnownFileType = sourcecode.swift; path = VKService.swift; sourceTree = "<group>"; };
		D5B59A2D22782DAC002188F6 /* WebKit.framework */ = {isa = PBXFileReference; lastKnownFileType = wrapper.framework; name = WebKit.framework; path = System/Library/Frameworks/WebKit.framework; sourceTree = SDKROOT; };
		D5F0C959222CFAF100E8C756 /* FriendsTableViewController.swift */ = {isa = PBXFileReference; lastKnownFileType = sourcecode.swift; path = FriendsTableViewController.swift; sourceTree = "<group>"; };
		D5F0C95B222CFBFD00E8C756 /* FriendCollectionViewController.swift */ = {isa = PBXFileReference; lastKnownFileType = sourcecode.swift; path = FriendCollectionViewController.swift; sourceTree = "<group>"; };
		D5F0C95D222CFC6F00E8C756 /* GroupsTableViewController.swift */ = {isa = PBXFileReference; lastKnownFileType = sourcecode.swift; path = GroupsTableViewController.swift; sourceTree = "<group>"; };
		D5F0C95F222CFC9000E8C756 /* GroupsAddTableViewController.swift */ = {isa = PBXFileReference; lastKnownFileType = sourcecode.swift; path = GroupsAddTableViewController.swift; sourceTree = "<group>"; };
/* End PBXFileReference section */

/* Begin PBXFrameworksBuildPhase section */
		D59FEEAF222A779000A55470 /* Frameworks */ = {
			isa = PBXFrameworksBuildPhase;
			buildActionMask = 2147483647;
			files = (
				D5B59A2E22782DAC002188F6 /* WebKit.framework in Frameworks */,
				A5A4D9C4538761BBA357F7CC /* Pods_GeekbrainsLessons.framework in Frameworks */,
			);
			runOnlyForDeploymentPostprocessing = 0;
		};
/* End PBXFrameworksBuildPhase section */

/* Begin PBXGroup section */
		2905AFA76FCC3E52370035C6 /* Pods */ = {
			isa = PBXGroup;
			children = (
				B8E76E4ADA4E53B798AA5153 /* Pods-GeekbrainsLessons.debug.xcconfig */,
				04E65B3DC29D721F0E0C7D93 /* Pods-GeekbrainsLessons.release.xcconfig */,
			);
			path = Pods;
			sourceTree = "<group>";
		};
		791701622B3FB298C8272BAD /* Frameworks */ = {
			isa = PBXGroup;
			children = (
				D5B59A2D22782DAC002188F6 /* WebKit.framework */,
				C50748FA372ED6AB8560CD9F /* Pods_GeekbrainsLessons.framework */,
			);
			name = Frameworks;
			sourceTree = "<group>";
		};
		D515CBB022815D230029376B /* Entities */ = {
			isa = PBXGroup;
			children = (
				D515CBB72281645C0029376B /* ApiResponse */,
				D515CBB122815D440029376B /* User.swift */,
				D515CBB322815D4F0029376B /* Photo.swift */,
				D515CBB522815D580029376B /* Group.swift */,
			);
			path = Entities;
			sourceTree = "<group>";
		};
		D515CBB72281645C0029376B /* ApiResponse */ = {
			isa = PBXGroup;
			children = (
				D52BF35222816D37004A37A1 /* VKBaseCodingKeys.swift */,
				D515CBB8228164E30029376B /* FriendsResponseModel.swift */,
				D52BF35422816E6A004A37A1 /* GroupsResponseModel.swift */,
			);
			path = ApiResponse;
			sourceTree = "<group>";
		};
		D51812A42275A66400AB7AD8 /* Services */ = {
			isa = PBXGroup;
			children = (
				D51812A52275A68800AB7AD8 /* Session.swift */,
				D5B59A2B227827AD002188F6 /* VKService.swift */,
			);
			path = Services;
			sourceTree = "<group>";
		};
		D59FEEA9222A779000A55470 = {
			isa = PBXGroup;
			children = (
				D59FEEB4222A779000A55470 /* GeekbrainsLessons */,
				D59FEEB3222A779000A55470 /* Products */,
				2905AFA76FCC3E52370035C6 /* Pods */,
				791701622B3FB298C8272BAD /* Frameworks */,
			);
			sourceTree = "<group>";
		};
		D59FEEB3222A779000A55470 /* Products */ = {
			isa = PBXGroup;
			children = (
				D59FEEB2222A779000A55470 /* GeekbrainsLessons.app */,
			);
			name = Products;
			sourceTree = "<group>";
		};
		D59FEEB4222A779000A55470 /* GeekbrainsLessons */ = {
			isa = PBXGroup;
			children = (
				D5A29E6A2232EDA200B5FEA2 /* View */,
				D51812A42275A66400AB7AD8 /* Services */,
				D515CBB022815D230029376B /* Entities */,
				D5A29E692232ED7D00B5FEA2 /* Storyboards */,
				D5A29E682232ED2100B5FEA2 /* Supporting Files */,
				D59FEEBC222A779200A55470 /* Assets.xcassets */,
			);
			path = GeekbrainsLessons;
			sourceTree = "<group>";
		};
		D5A29E682232ED2100B5FEA2 /* Supporting Files */ = {
			isa = PBXGroup;
			children = (
				D59FEEB5222A779000A55470 /* AppDelegate.swift */,
				D59FEEC1222A779200A55470 /* Info.plist */,
			);
			path = "Supporting Files";
			sourceTree = "<group>";
		};
		D5A29E692232ED7D00B5FEA2 /* Storyboards */ = {
			isa = PBXGroup;
			children = (
				D59FEEB9222A779000A55470 /* Main.storyboard */,
				D59FEEBE222A779200A55470 /* LaunchScreen.storyboard */,
			);
			path = Storyboards;
			sourceTree = "<group>";
		};
		D5A29E6A2232EDA200B5FEA2 /* View */ = {
			isa = PBXGroup;
			children = (
				D5A29E6B2232EDE400B5FEA2 /* Auth */,
				D5A29E6C2232EDEC00B5FEA2 /* Friends */,
				D5A29E6D2232EE0400B5FEA2 /* Groups */,
			);
			path = View;
			sourceTree = "<group>";
		};
		D5A29E6B2232EDE400B5FEA2 /* Auth */ = {
			isa = PBXGroup;
			children = (
				D59FEEB7222A779000A55470 /* AuthViewController.swift */,
			);
			path = Auth;
			sourceTree = "<group>";
		};
		D5A29E6C2232EDEC00B5FEA2 /* Friends */ = {
			isa = PBXGroup;
			children = (
				D5A29E6E2232EF0100B5FEA2 /* Cells */,
				D5F0C959222CFAF100E8C756 /* FriendsTableViewController.swift */,
				D5F0C95B222CFBFD00E8C756 /* FriendCollectionViewController.swift */,
			);
			path = Friends;
			sourceTree = "<group>";
		};
		D5A29E6D2232EE0400B5FEA2 /* Groups */ = {
			isa = PBXGroup;
			children = (
				D5A29E762232FC1200B5FEA2 /* Cells */,
				D5F0C95D222CFC6F00E8C756 /* GroupsTableViewController.swift */,
				D5F0C95F222CFC9000E8C756 /* GroupsAddTableViewController.swift */,
			);
			path = Groups;
			sourceTree = "<group>";
		};
		D5A29E6E2232EF0100B5FEA2 /* Cells */ = {
			isa = PBXGroup;
			children = (
				D5A29E6F2232F08100B5FEA2 /* FriendsTableViewCell.swift */,
			);
			path = Cells;
			sourceTree = "<group>";
		};
		D5A29E762232FC1200B5FEA2 /* Cells */ = {
			isa = PBXGroup;
			children = (
				D5A29E772232FE2200B5FEA2 /* GroupsTableViewCell.swift */,
			);
			path = Cells;
			sourceTree = "<group>";
		};
/* End PBXGroup section */

/* Begin PBXNativeTarget section */
		D59FEEB1222A779000A55470 /* GeekbrainsLessons */ = {
			isa = PBXNativeTarget;
			buildConfigurationList = D59FEEC4222A779200A55470 /* Build configuration list for PBXNativeTarget "GeekbrainsLessons" */;
			buildPhases = (
				3F5A495A2D484776E4C191B8 /* [CP] Check Pods Manifest.lock */,
				D59FEEAE222A779000A55470 /* Sources */,
				D59FEEAF222A779000A55470 /* Frameworks */,
				D59FEEB0222A779000A55470 /* Resources */,
				9C214A7FA133B1D52944B212 /* [CP] Embed Pods Frameworks */,
			);
			buildRules = (
			);
			dependencies = (
			);
			name = GeekbrainsLessons;
			productName = GeekbrainsLessons;
			productReference = D59FEEB2222A779000A55470 /* GeekbrainsLessons.app */;
			productType = "com.apple.product-type.application";
		};
/* End PBXNativeTarget section */

/* Begin PBXProject section */
		D59FEEAA222A779000A55470 /* Project object */ = {
			isa = PBXProject;
			attributes = {
				LastSwiftUpdateCheck = 1010;
				LastUpgradeCheck = 1010;
				ORGANIZATIONNAME = oleg.bochkarev;
				TargetAttributes = {
					D59FEEB1222A779000A55470 = {
						CreatedOnToolsVersion = 10.1;
						LastSwiftMigration = 1020;
					};
				};
			};
			buildConfigurationList = D59FEEAD222A779000A55470 /* Build configuration list for PBXProject "GeekbrainsLessons" */;
			compatibilityVersion = "Xcode 9.3";
			developmentRegion = en;
			hasScannedForEncodings = 0;
			knownRegions = (
				en,
				Base,
			);
			mainGroup = D59FEEA9222A779000A55470;
			productRefGroup = D59FEEB3222A779000A55470 /* Products */;
			projectDirPath = "";
			projectRoot = "";
			targets = (
				D59FEEB1222A779000A55470 /* GeekbrainsLessons */,
			);
		};
/* End PBXProject section */

/* Begin PBXResourcesBuildPhase section */
		D59FEEB0222A779000A55470 /* Resources */ = {
			isa = PBXResourcesBuildPhase;
			buildActionMask = 2147483647;
			files = (
				D59FEEC0222A779200A55470 /* LaunchScreen.storyboard in Resources */,
				D59FEEBD222A779200A55470 /* Assets.xcassets in Resources */,
				D59FEEBB222A779000A55470 /* Main.storyboard in Resources */,
			);
			runOnlyForDeploymentPostprocessing = 0;
		};
/* End PBXResourcesBuildPhase section */

/* Begin PBXShellScriptBuildPhase section */
		3F5A495A2D484776E4C191B8 /* [CP] Check Pods Manifest.lock */ = {
			isa = PBXShellScriptBuildPhase;
			buildActionMask = 2147483647;
			files = (
			);
			inputFileListPaths = (
			);
			inputPaths = (
				"${PODS_PODFILE_DIR_PATH}/Podfile.lock",
				"${PODS_ROOT}/Manifest.lock",
			);
			name = "[CP] Check Pods Manifest.lock";
			outputFileListPaths = (
			);
			outputPaths = (
				"$(DERIVED_FILE_DIR)/Pods-GeekbrainsLessons-checkManifestLockResult.txt",
			);
			runOnlyForDeploymentPostprocessing = 0;
			shellPath = /bin/sh;
			shellScript = "diff \"${PODS_PODFILE_DIR_PATH}/Podfile.lock\" \"${PODS_ROOT}/Manifest.lock\" > /dev/null\nif [ $? != 0 ] ; then\n    # print error to STDERR\n    echo \"error: The sandbox is not in sync with the Podfile.lock. Run 'pod install' or update your CocoaPods installation.\" >&2\n    exit 1\nfi\n# This output is used by Xcode 'outputs' to avoid re-running this script phase.\necho \"SUCCESS\" > \"${SCRIPT_OUTPUT_FILE_0}\"\n";
			showEnvVarsInLog = 0;
		};
		9C214A7FA133B1D52944B212 /* [CP] Embed Pods Frameworks */ = {
			isa = PBXShellScriptBuildPhase;
			buildActionMask = 2147483647;
			files = (
			);
			inputFileListPaths = (
			);
			inputPaths = (
				"${PODS_ROOT}/Target Support Files/Pods-GeekbrainsLessons/Pods-GeekbrainsLessons-frameworks.sh",
				"${BUILT_PRODUCTS_DIR}/Alamofire/Alamofire.framework",
				"${BUILT_PRODUCTS_DIR}/AlamofireNetworkActivityIndicator/AlamofireNetworkActivityIndicator.framework",
				"${BUILT_PRODUCTS_DIR}/AlamofireNetworkActivityLogger/AlamofireNetworkActivityLogger.framework",
				"${BUILT_PRODUCTS_DIR}/Kingfisher/Kingfisher.framework",
				"${BUILT_PRODUCTS_DIR}/PromiseKit/PromiseKit.framework",
			);
			name = "[CP] Embed Pods Frameworks";
			outputFileListPaths = (
			);
			outputPaths = (
				"${TARGET_BUILD_DIR}/${FRAMEWORKS_FOLDER_PATH}/Alamofire.framework",
				"${TARGET_BUILD_DIR}/${FRAMEWORKS_FOLDER_PATH}/AlamofireNetworkActivityIndicator.framework",
				"${TARGET_BUILD_DIR}/${FRAMEWORKS_FOLDER_PATH}/AlamofireNetworkActivityLogger.framework",
				"${TARGET_BUILD_DIR}/${FRAMEWORKS_FOLDER_PATH}/Kingfisher.framework",
				"${TARGET_BUILD_DIR}/${FRAMEWORKS_FOLDER_PATH}/PromiseKit.framework",
			);
			runOnlyForDeploymentPostprocessing = 0;
			shellPath = /bin/sh;
			shellScript = "\"${PODS_ROOT}/Target Support Files/Pods-GeekbrainsLessons/Pods-GeekbrainsLessons-frameworks.sh\"\n";
			showEnvVarsInLog = 0;
		};
/* End PBXShellScriptBuildPhase section */

/* Begin PBXSourcesBuildPhase section */
		D59FEEAE222A779000A55470 /* Sources */ = {
			isa = PBXSourcesBuildPhase;
			buildActionMask = 2147483647;
			files = (
				D515CBB422815D4F0029376B /* Photo.swift in Sources */,
				D515CBB222815D440029376B /* User.swift in Sources */,
				D515CBB622815D580029376B /* Group.swift in Sources */,
				D59FEEB8222A779000A55470 /* AuthViewController.swift in Sources */,
				D52BF35522816E6A004A37A1 /* GroupsResponseModel.swift in Sources */,
				D5F0C95C222CFBFD00E8C756 /* FriendCollectionViewController.swift in Sources */,
				D5F0C95E222CFC6F00E8C756 /* GroupsTableViewController.swift in Sources */,
				D52BF35322816D37004A37A1 /* VKBaseCodingKeys.swift in Sources */,
				D5A29E702232F08100B5FEA2 /* FriendsTableViewCell.swift in Sources */,
				D5A29E782232FE2200B5FEA2 /* GroupsTableViewCell.swift in Sources */,
				D59FEEB6222A779000A55470 /* AppDelegate.swift in Sources */,
				D51812A62275A68800AB7AD8 /* Session.swift in Sources */,
				D5B59A2C227827AD002188F6 /* VKService.swift in Sources */,
				D5F0C95A222CFAF100E8C756 /* FriendsTableViewController.swift in Sources */,
				D515CBB9228164E30029376B /* FriendsResponseModel.swift in Sources */,
				D5F0C960222CFC9000E8C756 /* GroupsAddTableViewController.swift in Sources */,
			);
			runOnlyForDeploymentPostprocessing = 0;
		};
/* End PBXSourcesBuildPhase section */

/* Begin PBXVariantGroup section */
		D59FEEB9222A779000A55470 /* Main.storyboard */ = {
			isa = PBXVariantGroup;
			children = (
				D59FEEBA222A779000A55470 /* Base */,
			);
			name = Main.storyboard;
			sourceTree = "<group>";
		};
		D59FEEBE222A779200A55470 /* LaunchScreen.storyboard */ = {
			isa = PBXVariantGroup;
			children = (
				D59FEEBF222A779200A55470 /* Base */,
			);
			name = LaunchScreen.storyboard;
			sourceTree = "<group>";
		};
/* End PBXVariantGroup section */

/* Begin XCBuildConfiguration section */
		D59FEEC2222A779200A55470 /* Debug */ = {
			isa = XCBuildConfiguration;
			buildSettings = {
				ALWAYS_SEARCH_USER_PATHS = NO;
				CLANG_ANALYZER_NONNULL = YES;
				CLANG_ANALYZER_NUMBER_OBJECT_CONVERSION = YES_AGGRESSIVE;
				CLANG_CXX_LANGUAGE_STANDARD = "gnu++14";
				CLANG_CXX_LIBRARY = "libc++";
				CLANG_ENABLE_MODULES = YES;
				CLANG_ENABLE_OBJC_ARC = YES;
				CLANG_ENABLE_OBJC_WEAK = YES;
				CLANG_WARN_BLOCK_CAPTURE_AUTORELEASING = YES;
				CLANG_WARN_BOOL_CONVERSION = YES;
				CLANG_WARN_COMMA = YES;
				CLANG_WARN_CONSTANT_CONVERSION = YES;
				CLANG_WARN_DEPRECATED_OBJC_IMPLEMENTATIONS = YES;
				CLANG_WARN_DIRECT_OBJC_ISA_USAGE = YES_ERROR;
				CLANG_WARN_DOCUMENTATION_COMMENTS = YES;
				CLANG_WARN_EMPTY_BODY = YES;
				CLANG_WARN_ENUM_CONVERSION = YES;
				CLANG_WARN_INFINITE_RECURSION = YES;
				CLANG_WARN_INT_CONVERSION = YES;
				CLANG_WARN_NON_LITERAL_NULL_CONVERSION = YES;
				CLANG_WARN_OBJC_IMPLICIT_RETAIN_SELF = YES;
				CLANG_WARN_OBJC_LITERAL_CONVERSION = YES;
				CLANG_WARN_OBJC_ROOT_CLASS = YES_ERROR;
				CLANG_WARN_RANGE_LOOP_ANALYSIS = YES;
				CLANG_WARN_STRICT_PROTOTYPES = YES;
				CLANG_WARN_SUSPICIOUS_MOVE = YES;
				CLANG_WARN_UNGUARDED_AVAILABILITY = YES_AGGRESSIVE;
				CLANG_WARN_UNREACHABLE_CODE = YES;
				CLANG_WARN__DUPLICATE_METHOD_MATCH = YES;
				CODE_SIGN_IDENTITY = "iPhone Developer";
				COPY_PHASE_STRIP = NO;
				DEBUG_INFORMATION_FORMAT = dwarf;
				ENABLE_STRICT_OBJC_MSGSEND = YES;
				ENABLE_TESTABILITY = YES;
				GCC_C_LANGUAGE_STANDARD = gnu11;
				GCC_DYNAMIC_NO_PIC = NO;
				GCC_NO_COMMON_BLOCKS = YES;
				GCC_OPTIMIZATION_LEVEL = 0;
				GCC_PREPROCESSOR_DEFINITIONS = (
					"DEBUG=1",
					"$(inherited)",
				);
				GCC_WARN_64_TO_32_BIT_CONVERSION = YES;
				GCC_WARN_ABOUT_RETURN_TYPE = YES_ERROR;
				GCC_WARN_UNDECLARED_SELECTOR = YES;
				GCC_WARN_UNINITIALIZED_AUTOS = YES_AGGRESSIVE;
				GCC_WARN_UNUSED_FUNCTION = YES;
				GCC_WARN_UNUSED_VARIABLE = YES;
				IPHONEOS_DEPLOYMENT_TARGET = 12.1;
				MTL_ENABLE_DEBUG_INFO = INCLUDE_SOURCE;
				MTL_FAST_MATH = YES;
				ONLY_ACTIVE_ARCH = YES;
				SDKROOT = iphoneos;
				SWIFT_ACTIVE_COMPILATION_CONDITIONS = DEBUG;
				SWIFT_OPTIMIZATION_LEVEL = "-Onone";
			};
			name = Debug;
		};
		D59FEEC3222A779200A55470 /* Release */ = {
			isa = XCBuildConfiguration;
			buildSettings = {
				ALWAYS_SEARCH_USER_PATHS = NO;
				CLANG_ANALYZER_NONNULL = YES;
				CLANG_ANALYZER_NUMBER_OBJECT_CONVERSION = YES_AGGRESSIVE;
				CLANG_CXX_LANGUAGE_STANDARD = "gnu++14";
				CLANG_CXX_LIBRARY = "libc++";
				CLANG_ENABLE_MODULES = YES;
				CLANG_ENABLE_OBJC_ARC = YES;
				CLANG_ENABLE_OBJC_WEAK = YES;
				CLANG_WARN_BLOCK_CAPTURE_AUTORELEASING = YES;
				CLANG_WARN_BOOL_CONVERSION = YES;
				CLANG_WARN_COMMA = YES;
				CLANG_WARN_CONSTANT_CONVERSION = YES;
				CLANG_WARN_DEPRECATED_OBJC_IMPLEMENTATIONS = YES;
				CLANG_WARN_DIRECT_OBJC_ISA_USAGE = YES_ERROR;
				CLANG_WARN_DOCUMENTATION_COMMENTS = YES;
				CLANG_WARN_EMPTY_BODY = YES;
				CLANG_WARN_ENUM_CONVERSION = YES;
				CLANG_WARN_INFINITE_RECURSION = YES;
				CLANG_WARN_INT_CONVERSION = YES;
				CLANG_WARN_NON_LITERAL_NULL_CONVERSION = YES;
				CLANG_WARN_OBJC_IMPLICIT_RETAIN_SELF = YES;
				CLANG_WARN_OBJC_LITERAL_CONVERSION = YES;
				CLANG_WARN_OBJC_ROOT_CLASS = YES_ERROR;
				CLANG_WARN_RANGE_LOOP_ANALYSIS = YES;
				CLANG_WARN_STRICT_PROTOTYPES = YES;
				CLANG_WARN_SUSPICIOUS_MOVE = YES;
				CLANG_WARN_UNGUARDED_AVAILABILITY = YES_AGGRESSIVE;
				CLANG_WARN_UNREACHABLE_CODE = YES;
				CLANG_WARN__DUPLICATE_METHOD_MATCH = YES;
				CODE_SIGN_IDENTITY = "iPhone Developer";
				COPY_PHASE_STRIP = NO;
				DEBUG_INFORMATION_FORMAT = "dwarf-with-dsym";
				ENABLE_NS_ASSERTIONS = NO;
				ENABLE_STRICT_OBJC_MSGSEND = YES;
				GCC_C_LANGUAGE_STANDARD = gnu11;
				GCC_NO_COMMON_BLOCKS = YES;
				GCC_WARN_64_TO_32_BIT_CONVERSION = YES;
				GCC_WARN_ABOUT_RETURN_TYPE = YES_ERROR;
				GCC_WARN_UNDECLARED_SELECTOR = YES;
				GCC_WARN_UNINITIALIZED_AUTOS = YES_AGGRESSIVE;
				GCC_WARN_UNUSED_FUNCTION = YES;
				GCC_WARN_UNUSED_VARIABLE = YES;
				IPHONEOS_DEPLOYMENT_TARGET = 12.1;
				MTL_ENABLE_DEBUG_INFO = NO;
				MTL_FAST_MATH = YES;
				SDKROOT = iphoneos;
				SWIFT_COMPILATION_MODE = wholemodule;
				SWIFT_OPTIMIZATION_LEVEL = "-O";
				VALIDATE_PRODUCT = YES;
			};
			name = Release;
		};
		D59FEEC5222A779200A55470 /* Debug */ = {
			isa = XCBuildConfiguration;
			baseConfigurationReference = B8E76E4ADA4E53B798AA5153 /* Pods-GeekbrainsLessons.debug.xcconfig */;
			buildSettings = {
				ASSETCATALOG_COMPILER_APPICON_NAME = AppIcon;
				CODE_SIGN_STYLE = Automatic;
				DEVELOPMENT_TEAM = 69X235PTGS;
				INFOPLIST_FILE = "$(SRCROOT)/GeekbrainsLessons/Supporting Files/Info.plist";
				IPHONEOS_DEPLOYMENT_TARGET = 11.0;
				LD_RUNPATH_SEARCH_PATHS = (
					"$(inherited)",
					"@executable_path/Frameworks",
				);
				PRODUCT_BUNDLE_IDENTIFIER = com.oleg.bochkarev.GeekbrainsLessons;
				PRODUCT_NAME = "$(TARGET_NAME)";
				SWIFT_VERSION = 5.0;
				TARGETED_DEVICE_FAMILY = "1,2";
			};
			name = Debug;
		};
		D59FEEC6222A779200A55470 /* Release */ = {
			isa = XCBuildConfiguration;
			baseConfigurationReference = 04E65B3DC29D721F0E0C7D93 /* Pods-GeekbrainsLessons.release.xcconfig */;
			buildSettings = {
				ASSETCATALOG_COMPILER_APPICON_NAME = AppIcon;
				CODE_SIGN_STYLE = Automatic;
				DEVELOPMENT_TEAM = 69X235PTGS;
				INFOPLIST_FILE = "$(SRCROOT)/GeekbrainsLessons/Supporting Files/Info.plist";
				IPHONEOS_DEPLOYMENT_TARGET = 11.0;
				LD_RUNPATH_SEARCH_PATHS = (
					"$(inherited)",
					"@executable_path/Frameworks",
				);
				PRODUCT_BUNDLE_IDENTIFIER = com.oleg.bochkarev.GeekbrainsLessons;
				PRODUCT_NAME = "$(TARGET_NAME)";
				SWIFT_VERSION = 5.0;
				TARGETED_DEVICE_FAMILY = "1,2";
			};
			name = Release;
		};
/* End XCBuildConfiguration section */

/* Begin XCConfigurationList section */
		D59FEEAD222A779000A55470 /* Build configuration list for PBXProject "GeekbrainsLessons" */ = {
			isa = XCConfigurationList;
			buildConfigurations = (
				D59FEEC2222A779200A55470 /* Debug */,
				D59FEEC3222A779200A55470 /* Release */,
			);
			defaultConfigurationIsVisible = 0;
			defaultConfigurationName = Release;
		};
		D59FEEC4222A779200A55470 /* Build configuration list for PBXNativeTarget "GeekbrainsLessons" */ = {
			isa = XCConfigurationList;
			buildConfigurations = (
				D59FEEC5222A779200A55470 /* Debug */,
				D59FEEC6222A779200A55470 /* Release */,
			);
			defaultConfigurationIsVisible = 0;
			defaultConfigurationName = Release;
		};
/* End XCConfigurationList section */
	};
	rootObject = D59FEEAA222A779000A55470 /* Project object */;
}
